
Microsoft Visual Studio Solution File, Format Version 12.00
# Visual Studio 15
VisualStudioVersion = 15.0.28307.421
MinimumVisualStudioVersion = 10.0.40219.1
Project("{FAE04EC0-301F-11D3-BF4B-00C04F79EFBC}") = "CD", "CD\CD.csproj", "{5E7D2FB7-0ADB-4B3C-8BB4-460E89D208B2}"
EndProject
Global
	GlobalSection(SolutionConfigurationPlatforms) = preSolution
		Debug|Any CPU = Debug|Any CPU
		Release|Any CPU = Release|Any CPU
	EndGlobalSection
	GlobalSection(ProjectConfigurationPlatforms) = postSolution
		{5E7D2FB7-0ADB-4B3C-8BB4-460E89D208B2}.Debug|Any CPU.ActiveCfg = Debug|Any CPU
		{5E7D2FB7-0ADB-4B3C-8BB4-460E89D208B2}.Debug|Any CPU.Build.0 = Debug|Any CPU
		{5E7D2FB7-0ADB-4B3C-8BB4-460E89D208B2}.Release|Any CPU.ActiveCfg = Release|Any CPU
		{5E7D2FB7-0ADB-4B3C-8BB4-460E89D208B2}.Release|Any CPU.Build.0 = Release|Any CPU
	EndGlobalSection
	GlobalSection(SolutionProperties) = preSolution
		HideSolutionNode = FALSE
	EndGlobalSection
	GlobalSection(ExtensibilityGlobals) = postSolution
		SolutionGuid = {007702E2-9D49-4737-B4E3-D542EA579F5C}
	EndGlobalSection
EndGlobal
